// !$*UTF8*$!
{
	archiveVersion = 1;
	classes = {
	};
	objectVersion = 77;
	objects = {

/* Begin PBXBuildFile section */
		0500723A2E09529D0083E73F /* ViewInspector in Frameworks */ = {isa = PBXBuildFile; productRef = 050072392E09529D0083E73F /* ViewInspector */; settings = {ATTRIBUTES = (Required, ); }; };
		0500723C2E09531E0083E73F /* ViewInspector in Frameworks */ = {isa = PBXBuildFile; productRef = 0500723B2E09531E0083E73F /* ViewInspector */; };
/* End PBXBuildFile section */

/* Begin PBXContainerItemProxy section */
		05BC20872E068AB100F63687 /* PBXContainerItemProxy */ = {
			isa = PBXContainerItemProxy;
			containerPortal = 05BC20702E068AB100F63687 /* Project object */;
			proxyType = 1;
			remoteGlobalIDString = 05BC20772E068AB100F63687;
			remoteInfo = SubMagic;
		};
		05BC20912E068AB100F63687 /* PBXContainerItemProxy */ = {
			isa = PBXContainerItemProxy;
			containerPortal = 05BC20702E068AB100F63687 /* Project object */;
			proxyType = 1;
			remoteGlobalIDString = 05BC20772E068AB100F63687;
			remoteInfo = SubMagic;
		};
/* End PBXContainerItemProxy section */

/* Begin PBXFileReference section */
		05BC20782E068AB100F63687 /* SubMagic.app */ = {isa = PBXFileReference; explicitFileType = wrapper.application; includeInIndex = 0; path = SubMagic.app; sourceTree = BUILT_PRODUCTS_DIR; };
		05BC20862E068AB100F63687 /* SubMagicTests.xctest */ = {isa = PBXFileReference; explicitFileType = wrapper.cfbundle; includeInIndex = 0; path = SubMagicTests.xctest; sourceTree = BUILT_PRODUCTS_DIR; };
		05BC20902E068AB100F63687 /* SubMagicUITests.xctest */ = {isa = PBXFileReference; explicitFileType = wrapper.cfbundle; includeInIndex = 0; path = SubMagicUITests.xctest; sourceTree = BUILT_PRODUCTS_DIR; };
		05C51A8B2E0952290004AFE4 /* SubMagic.xctestplan */ = {isa = PBXFileReference; lastKnownFileType = text; path = SubMagic.xctestplan; sourceTree = "<group>"; };
/* End PBXFileReference section */

/* Begin PBXFileSystemSynchronizedRootGroup section */
		05BC207A2E068AB100F63687 /* SubMagic */ = {
			isa = PBXFileSystemSynchronizedRootGroup;
			path = SubMagic;
			sourceTree = "<group>";
		};
		05BC20892E068AB100F63687 /* SubMagicTests */ = {
			isa = PBXFileSystemSynchronizedRootGroup;
			path = SubMagicTests;
			sourceTree = "<group>";
		};
		05BC20932E068AB100F63687 /* SubMagicUITests */ = {
			isa = PBXFileSystemSynchronizedRootGroup;
			path = SubMagicUITests;
			sourceTree = "<group>";
		};
/* End PBXFileSystemSynchronizedRootGroup section */

/* Begin PBXFrameworksBuildPhase section */
		05BC20752E068AB100F63687 /* Frameworks */ = {
			isa = PBXFrameworksBuildPhase;
			buildActionMask = 2147483647;
			files = (
			);
			runOnlyForDeploymentPostprocessing = 0;
		};
		05BC20832E068AB100F63687 /* Frameworks */ = {
			isa = PBXFrameworksBuildPhase;
			buildActionMask = 2147483647;
			files = (
				0500723C2E09531E0083E73F /* ViewInspector in Frameworks */,
			);
			runOnlyForDeploymentPostprocessing = 0;
		};
		05BC208D2E068AB100F63687 /* Frameworks */ = {
			isa = PBXFrameworksBuildPhase;
			buildActionMask = 2147483647;
			files = (
				0500723A2E09529D0083E73F /* ViewInspector in Frameworks */,
			);
			runOnlyForDeploymentPostprocessing = 0;
		};
/* End PBXFrameworksBuildPhase section */

/* Begin PBXGroup section */
		050072382E09529D0083E73F /* Frameworks */ = {
			isa = PBXGroup;
			children = (
			);
			name = Frameworks;
			sourceTree = "<group>";
		};
		05BC206F2E068AB100F63687 = {
			isa = PBXGroup;
			children = (
				05C51A8B2E0952290004AFE4 /* SubMagic.xctestplan */,
				05BC207A2E068AB100F63687 /* SubMagic */,
				05BC20892E068AB100F63687 /* SubMagicTests */,
				05BC20932E068AB100F63687 /* SubMagicUITests */,
				050072382E09529D0083E73F /* Frameworks */,
				05BC20792E068AB100F63687 /* Products */,
			);
			sourceTree = "<group>";
		};
		05BC20792E068AB100F63687 /* Products */ = {
			isa = PBXGroup;
			children = (
				05BC20782E068AB100F63687 /* SubMagic.app */,
				05BC20862E068AB100F63687 /* SubMagicTests.xctest */,
				05BC20902E068AB100F63687 /* SubMagicUITests.xctest */,
			);
			name = Products;
			sourceTree = "<group>";
		};
/* End PBXGroup section */

/* Begin PBXNativeTarget section */
		05BC20772E068AB100F63687 /* SubMagic */ = {
			isa = PBXNativeTarget;
			buildConfigurationList = 05BC209A2E068AB100F63687 /* Build configuration list for PBXNativeTarget "SubMagic" */;
			buildPhases = (
				05BC20742E068AB100F63687 /* Sources */,
				05BC20752E068AB100F63687 /* Frameworks */,
				05BC20762E068AB100F63687 /* Resources */,
			);
			buildRules = (
			);
			dependencies = (
			);
			fileSystemSynchronizedGroups = (
				05BC207A2E068AB100F63687 /* SubMagic */,
			);
			name = SubMagic;
			packageProductDependencies = (
			);
			productName = SubMagic;
			productReference = 05BC20782E068AB100F63687 /* SubMagic.app */;
			productType = "com.apple.product-type.application";
		};
		05BC20852E068AB100F63687 /* SubMagicTests */ = {
			isa = PBXNativeTarget;
			buildConfigurationList = 05BC209D2E068AB100F63687 /* Build configuration list for PBXNativeTarget "SubMagicTests" */;
			buildPhases = (
				05BC20822E068AB100F63687 /* Sources */,
				05BC20832E068AB100F63687 /* Frameworks */,
				05BC20842E068AB100F63687 /* Resources */,
			);
			buildRules = (
			);
			dependencies = (
				05BC20882E068AB100F63687 /* PBXTargetDependency */,
			);
			fileSystemSynchronizedGroups = (
				05BC20892E068AB100F63687 /* SubMagicTests */,
			);
			name = SubMagicTests;
			packageProductDependencies = (
				0500723B2E09531E0083E73F /* ViewInspector */,
			);
			productName = SubMagicTests;
			productReference = 05BC20862E068AB100F63687 /* SubMagicTests.xctest */;
			productType = "com.apple.product-type.bundle.unit-test";
		};
		05BC208F2E068AB100F63687 /* SubMagicUITests */ = {
			isa = PBXNativeTarget;
			buildConfigurationList = 05BC20A02E068AB100F63687 /* Build configuration list for PBXNativeTarget "SubMagicUITests" */;
			buildPhases = (
				05BC208C2E068AB100F63687 /* Sources */,
				05BC208D2E068AB100F63687 /* Frameworks */,
				05BC208E2E068AB100F63687 /* Resources */,
			);
			buildRules = (
			);
			dependencies = (
				05BC20922E068AB100F63687 /* PBXTargetDependency */,
			);
			fileSystemSynchronizedGroups = (
				05BC20932E068AB100F63687 /* SubMagicUITests */,
			);
			name = SubMagicUITests;
			packageProductDependencies = (
				050072392E09529D0083E73F /* ViewInspector */,
			);
			productName = SubMagicUITests;
			productReference = 05BC20902E068AB100F63687 /* SubMagicUITests.xctest */;
			productType = "com.apple.product-type.bundle.ui-testing";
		};
/* End PBXNativeTarget section */

/* Begin PBXProject section */
		05BC20702E068AB100F63687 /* Project object */ = {
			isa = PBXProject;
			attributes = {
				BuildIndependentTargetsInParallel = 1;
				LastSwiftUpdateCheck = 1640;
				LastUpgradeCheck = 1640;
				TargetAttributes = {
					05BC20772E068AB100F63687 = {
						CreatedOnToolsVersion = 16.4;
					};
					05BC20852E068AB100F63687 = {
						CreatedOnToolsVersion = 16.4;
						TestTargetID = 05BC20772E068AB100F63687;
					};
					05BC208F2E068AB100F63687 = {
						CreatedOnToolsVersion = 16.4;
						TestTargetID = 05BC20772E068AB100F63687;
					};
				};
			};
			buildConfigurationList = 05BC20732E068AB100F63687 /* Build configuration list for PBXProject "SubMagic" */;
			developmentRegion = en;
			hasScannedForEncodings = 0;
			knownRegions = (
				en,
				Base,
			);
			mainGroup = 05BC206F2E068AB100F63687;
			minimizedProjectReferenceProxies = 1;
			packageReferences = (
				05C51A8A2E0952120004AFE4 /* XCRemoteSwiftPackageReference "ViewInspector" */,
			);
			preferredProjectObjectVersion = 77;
			productRefGroup = 05BC20792E068AB100F63687 /* Products */;
			projectDirPath = "";
			projectRoot = "";
			targets = (
				05BC20772E068AB100F63687 /* SubMagic */,
				05BC20852E068AB100F63687 /* SubMagicTests */,
				05BC208F2E068AB100F63687 /* SubMagicUITests */,
			);
		};
/* End PBXProject section */

/* Begin PBXResourcesBuildPhase section */
		05BC20762E068AB100F63687 /* Resources */ = {
			isa = PBXResourcesBuildPhase;
			buildActionMask = 2147483647;
			files = (
			);
			runOnlyForDeploymentPostprocessing = 0;
		};
		05BC20842E068AB100F63687 /* Resources */ = {
			isa = PBXResourcesBuildPhase;
			buildActionMask = 2147483647;
			files = (
			);
			runOnlyForDeploymentPostprocessing = 0;
		};
		05BC208E2E068AB100F63687 /* Resources */ = {
			isa = PBXResourcesBuildPhase;
			buildActionMask = 2147483647;
			files = (
			);
			runOnlyForDeploymentPostprocessing = 0;
		};
/* End PBXResourcesBuildPhase section */

/* Begin PBXSourcesBuildPhase section */
		05BC20742E068AB100F63687 /* Sources */ = {
			isa = PBXSourcesBuildPhase;
			buildActionMask = 2147483647;
			files = (
			);
			runOnlyForDeploymentPostprocessing = 0;
		};
		05BC20822E068AB100F63687 /* Sources */ = {
			isa = PBXSourcesBuildPhase;
			buildActionMask = 2147483647;
			files = (
			);
			runOnlyForDeploymentPostprocessing = 0;
		};
		05BC208C2E068AB100F63687 /* Sources */ = {
			isa = PBXSourcesBuildPhase;
			buildActionMask = 2147483647;
			files = (
			);
			runOnlyForDeploymentPostprocessing = 0;
		};
/* End PBXSourcesBuildPhase section */

/* Begin PBXTargetDependency section */
		05BC20882E068AB100F63687 /* PBXTargetDependency */ = {
			isa = PBXTargetDependency;
			target = 05BC20772E068AB100F63687 /* SubMagic */;
			targetProxy = 05BC20872E068AB100F63687 /* PBXContainerItemProxy */;
		};
		05BC20922E068AB100F63687 /* PBXTargetDependency */ = {
			isa = PBXTargetDependency;
			target = 05BC20772E068AB100F63687 /* SubMagic */;
			targetProxy = 05BC20912E068AB100F63687 /* PBXContainerItemProxy */;
		};
/* End PBXTargetDependency section */

/* Begin XCBuildConfiguration section */
		05BC20982E068AB100F63687 /* Debug */ = {
			isa = XCBuildConfiguration;
			buildSettings = {
				ALWAYS_SEARCH_USER_PATHS = NO;
				ASSETCATALOG_COMPILER_GENERATE_SWIFT_ASSET_SYMBOL_EXTENSIONS = YES;
				CLANG_ANALYZER_NONNULL = YES;
				CLANG_ANALYZER_NUMBER_OBJECT_CONVERSION = YES_AGGRESSIVE;
				CLANG_CXX_LANGUAGE_STANDARD = "gnu++20";
				CLANG_ENABLE_MODULES = YES;
				CLANG_ENABLE_OBJC_ARC = YES;
				CLANG_ENABLE_OBJC_WEAK = YES;
				CLANG_WARN_BLOCK_CAPTURE_AUTORELEASING = YES;
				CLANG_WARN_BOOL_CONVERSION = YES;
				CLANG_WARN_COMMA = YES;
				CLANG_WARN_CONSTANT_CONVERSION = YES;
				CLANG_WARN_DEPRECATED_OBJC_IMPLEMENTATIONS = YES;
				CLANG_WARN_DIRECT_OBJC_ISA_USAGE = YES_ERROR;
				CLANG_WARN_DOCUMENTATION_COMMENTS = YES;
				CLANG_WARN_EMPTY_BODY = YES;
				CLANG_WARN_ENUM_CONVERSION = YES;
				CLANG_WARN_INFINITE_RECURSION = YES;
				CLANG_WARN_INT_CONVERSION = YES;
				CLANG_WARN_NON_LITERAL_NULL_CONVERSION = YES;
				CLANG_WARN_OBJC_IMPLICIT_RETAIN_SELF = YES;
				CLANG_WARN_OBJC_LITERAL_CONVERSION = YES;
				CLANG_WARN_OBJC_ROOT_CLASS = YES_ERROR;
				CLANG_WARN_QUOTED_INCLUDE_IN_FRAMEWORK_HEADER = YES;
				CLANG_WARN_RANGE_LOOP_ANALYSIS = YES;
				CLANG_WARN_STRICT_PROTOTYPES = YES;
				CLANG_WARN_SUSPICIOUS_MOVE = YES;
				CLANG_WARN_UNGUARDED_AVAILABILITY = YES_AGGRESSIVE;
				CLANG_WARN_UNREACHABLE_CODE = YES;
				CLANG_WARN__DUPLICATE_METHOD_MATCH = YES;
				COPY_PHASE_STRIP = NO;
				DEBUG_INFORMATION_FORMAT = dwarf;
				ENABLE_STRICT_OBJC_MSGSEND = YES;
				ENABLE_TESTABILITY = YES;
				ENABLE_USER_SCRIPT_SANDBOXING = YES;
				GCC_C_LANGUAGE_STANDARD = gnu17;
				GCC_DYNAMIC_NO_PIC = NO;
				GCC_NO_COMMON_BLOCKS = YES;
				GCC_OPTIMIZATION_LEVEL = 0;
				GCC_PREPROCESSOR_DEFINITIONS = (
					"DEBUG=1",
					"$(inherited)",
				);
				GCC_WARN_64_TO_32_BIT_CONVERSION = YES;
				GCC_WARN_ABOUT_RETURN_TYPE = YES_ERROR;
				GCC_WARN_UNDECLARED_SELECTOR = YES;
				GCC_WARN_UNINITIALIZED_AUTOS = YES_AGGRESSIVE;
				GCC_WARN_UNUSED_FUNCTION = YES;
				GCC_WARN_UNUSED_VARIABLE = YES;
				LOCALIZATION_PREFERS_STRING_CATALOGS = YES;
				MACOSX_DEPLOYMENT_TARGET = 15.4;
				MTL_ENABLE_DEBUG_INFO = INCLUDE_SOURCE;
				MTL_FAST_MATH = YES;
				ONLY_ACTIVE_ARCH = YES;
				SDKROOT = macosx;
				SWIFT_ACTIVE_COMPILATION_CONDITIONS = "DEBUG $(inherited)";
				SWIFT_OPTIMIZATION_LEVEL = "-Onone";
			};
			name = Debug;
		};
		05BC20992E068AB100F63687 /* Release */ = {
			isa = XCBuildConfiguration;
			buildSettings = {
				ALWAYS_SEARCH_USER_PATHS = NO;
				ASSETCATALOG_COMPILER_GENERATE_SWIFT_ASSET_SYMBOL_EXTENSIONS = YES;
				CLANG_ANALYZER_NONNULL = YES;
				CLANG_ANALYZER_NUMBER_OBJECT_CONVERSION = YES_AGGRESSIVE;
				CLANG_CXX_LANGUAGE_STANDARD = "gnu++20";
				CLANG_ENABLE_MODULES = YES;
				CLANG_ENABLE_OBJC_ARC = YES;
				CLANG_ENABLE_OBJC_WEAK = YES;
				CLANG_WARN_BLOCK_CAPTURE_AUTORELEASING = YES;
				CLANG_WARN_BOOL_CONVERSION = YES;
				CLANG_WARN_COMMA = YES;
				CLANG_WARN_CONSTANT_CONVERSION = YES;
				CLANG_WARN_DEPRECATED_OBJC_IMPLEMENTATIONS = YES;
				CLANG_WARN_DIRECT_OBJC_ISA_USAGE = YES_ERROR;
				CLANG_WARN_DOCUMENTATION_COMMENTS = YES;
				CLANG_WARN_EMPTY_BODY = YES;
				CLANG_WARN_ENUM_CONVERSION = YES;
				CLANG_WARN_INFINITE_RECURSION = YES;
				CLANG_WARN_INT_CONVERSION = YES;
				CLANG_WARN_NON_LITERAL_NULL_CONVERSION = YES;
				CLANG_WARN_OBJC_IMPLICIT_RETAIN_SELF = YES;
				CLANG_WARN_OBJC_LITERAL_CONVERSION = YES;
				CLANG_WARN_OBJC_ROOT_CLASS = YES_ERROR;
				CLANG_WARN_QUOTED_INCLUDE_IN_FRAMEWORK_HEADER = YES;
				CLANG_WARN_RANGE_LOOP_ANALYSIS = YES;
				CLANG_WARN_STRICT_PROTOTYPES = YES;
				CLANG_WARN_SUSPICIOUS_MOVE = YES;
				CLANG_WARN_UNGUARDED_AVAILABILITY = YES_AGGRESSIVE;
				CLANG_WARN_UNREACHABLE_CODE = YES;
				CLANG_WARN__DUPLICATE_METHOD_MATCH = YES;
				COPY_PHASE_STRIP = NO;
				DEBUG_INFORMATION_FORMAT = "dwarf-with-dsym";
				ENABLE_NS_ASSERTIONS = NO;
				ENABLE_STRICT_OBJC_MSGSEND = YES;
				ENABLE_USER_SCRIPT_SANDBOXING = YES;
				GCC_C_LANGUAGE_STANDARD = gnu17;
				GCC_NO_COMMON_BLOCKS = YES;
				GCC_WARN_64_TO_32_BIT_CONVERSION = YES;
				GCC_WARN_ABOUT_RETURN_TYPE = YES_ERROR;
				GCC_WARN_UNDECLARED_SELECTOR = YES;
				GCC_WARN_UNINITIALIZED_AUTOS = YES_AGGRESSIVE;
				GCC_WARN_UNUSED_FUNCTION = YES;
				GCC_WARN_UNUSED_VARIABLE = YES;
				LOCALIZATION_PREFERS_STRING_CATALOGS = YES;
				MACOSX_DEPLOYMENT_TARGET = 15.4;
				MTL_ENABLE_DEBUG_INFO = NO;
				MTL_FAST_MATH = YES;
				SDKROOT = macosx;
				SWIFT_COMPILATION_MODE = wholemodule;
			};
			name = Release;
		};
		05BC209B2E068AB100F63687 /* Debug */ = {
			isa = XCBuildConfiguration;
			buildSettings = {
				ASSETCATALOG_COMPILER_APPICON_NAME = AppIcon;
				ASSETCATALOG_COMPILER_GLOBAL_ACCENT_COLOR_NAME = AccentColor;
				CODE_SIGN_ALLOW_ENTITLEMENTS_MODIFICATION = YES;
				CODE_SIGN_ENTITLEMENTS = SubMagic/SubMagic.entitlements;
				CODE_SIGN_STYLE = Automatic;
				COMBINE_HIDPI_IMAGES = YES;
				CURRENT_PROJECT_VERSION = 1;
				ENABLE_PREVIEWS = YES;
				GENERATE_INFOPLIST_FILE = YES;
				INFOPLIST_KEY_NSHumanReadableCopyright = "";
				LD_RUNPATH_SEARCH_PATHS = (
					"$(inherited)",
					"@executable_path/../Frameworks",
				);
				MARKETING_VERSION = 1.0;
				PRODUCT_BUNDLE_IDENTIFIER = opensource.SubMagic;
				PRODUCT_NAME = "$(TARGET_NAME)";
				REGISTER_APP_GROUPS = YES;
				SWIFT_EMIT_LOC_STRINGS = YES;
				SWIFT_VERSION = 5.0;
			};
			name = Debug;
		};
		05BC209C2E068AB100F63687 /* Release */ = {
			isa = XCBuildConfiguration;
			buildSettings = {
				ASSETCATALOG_COMPILER_APPICON_NAME = AppIcon;
				ASSETCATALOG_COMPILER_GLOBAL_ACCENT_COLOR_NAME = AccentColor;
				CODE_SIGN_ALLOW_ENTITLEMENTS_MODIFICATION = YES;
				CODE_SIGN_ENTITLEMENTS = SubMagic/SubMagic.entitlements;
				CODE_SIGN_STYLE = Automatic;
				COMBINE_HIDPI_IMAGES = YES;
				CURRENT_PROJECT_VERSION = 1;
				ENABLE_PREVIEWS = YES;
				GENERATE_INFOPLIST_FILE = YES;
				INFOPLIST_KEY_NSHumanReadableCopyright = "";
				LD_RUNPATH_SEARCH_PATHS = (
					"$(inherited)",
					"@executable_path/../Frameworks",
				);
				MARKETING_VERSION = 1.0;
				PRODUCT_BUNDLE_IDENTIFIER = opensource.SubMagic;
				PRODUCT_NAME = "$(TARGET_NAME)";
				REGISTER_APP_GROUPS = YES;
				SWIFT_EMIT_LOC_STRINGS = YES;
				SWIFT_VERSION = 5.0;
			};
			name = Release;
		};
		05BC209E2E068AB100F63687 /* Debug */ = {
			isa = XCBuildConfiguration;
			buildSettings = {
				BUNDLE_LOADER = "$(TEST_HOST)";
				CODE_SIGN_STYLE = Automatic;
				CURRENT_PROJECT_VERSION = 1;
				GENERATE_INFOPLIST_FILE = YES;
				MACOSX_DEPLOYMENT_TARGET = 15.4;
				MARKETING_VERSION = 1.0;
				PRODUCT_BUNDLE_IDENTIFIER = opensource.SubMagicTests;
				PRODUCT_NAME = "$(TARGET_NAME)";
				SWIFT_EMIT_LOC_STRINGS = NO;
				SWIFT_VERSION = 5.0;
				TEST_HOST = "$(BUILT_PRODUCTS_DIR)/SubMagic.app/$(BUNDLE_EXECUTABLE_FOLDER_PATH)/SubMagic";
			};
			name = Debug;
		};
		05BC209F2E068AB100F63687 /* Release */ = {
			isa = XCBuildConfiguration;
			buildSettings = {
				BUNDLE_LOADER = "$(TEST_HOST)";
				CODE_SIGN_STYLE = Automatic;
				CURRENT_PROJECT_VERSION = 1;
				GENERATE_INFOPLIST_FILE = YES;
				MACOSX_DEPLOYMENT_TARGET = 15.4;
				MARKETING_VERSION = 1.0;
				PRODUCT_BUNDLE_IDENTIFIER = opensource.SubMagicTests;
				PRODUCT_NAME = "$(TARGET_NAME)";
				SWIFT_EMIT_LOC_STRINGS = NO;
				SWIFT_VERSION = 5.0;
				TEST_HOST = "$(BUILT_PRODUCTS_DIR)/SubMagic.app/$(BUNDLE_EXECUTABLE_FOLDER_PATH)/SubMagic";
			};
			name = Release;
		};
		05BC20A12E068AB100F63687 /* Debug */ = {
			isa = XCBuildConfiguration;
			buildSettings = {
				CODE_SIGN_STYLE = Automatic;
				CURRENT_PROJECT_VERSION = 1;
				GENERATE_INFOPLIST_FILE = YES;
				MARKETING_VERSION = 1.0;
				PRODUCT_BUNDLE_IDENTIFIER = opensource.SubMagicUITests;
				PRODUCT_NAME = "$(TARGET_NAME)";
				SWIFT_EMIT_LOC_STRINGS = NO;
				SWIFT_VERSION = 5.0;
				TEST_TARGET_NAME = SubMagic;
			};
			name = Debug;
		};
		05BC20A22E068AB100F63687 /* Release */ = {
			isa = XCBuildConfiguration;
			buildSettings = {
				CODE_SIGN_STYLE = Automatic;
				CURRENT_PROJECT_VERSION = 1;
				GENERATE_INFOPLIST_FILE = YES;
				MARKETING_VERSION = 1.0;
				PRODUCT_BUNDLE_IDENTIFIER = opensource.SubMagicUITests;
				PRODUCT_NAME = "$(TARGET_NAME)";
				SWIFT_EMIT_LOC_STRINGS = NO;
				SWIFT_VERSION = 5.0;
				TEST_TARGET_NAME = SubMagic;
			};
			name = Release;
		};
/* End XCBuildConfiguration section */

/* Begin XCConfigurationList section */
		05BC20732E068AB100F63687 /* Build configuration list for PBXProject "SubMagic" */ = {
			isa = XCConfigurationList;
			buildConfigurations = (
				05BC20982E068AB100F63687 /* Debug */,
				05BC20992E068AB100F63687 /* Release */,
			);
			defaultConfigurationIsVisible = 0;
			defaultConfigurationName = Release;
		};
		05BC209A2E068AB100F63687 /* Build configuration list for PBXNativeTarget "SubMagic" */ = {
			isa = XCConfigurationList;
			buildConfigurations = (
				05BC209B2E068AB100F63687 /* Debug */,
				05BC209C2E068AB100F63687 /* Release */,
			);
			defaultConfigurationIsVisible = 0;
			defaultConfigurationName = Release;
		};
		05BC209D2E068AB100F63687 /* Build configuration list for PBXNativeTarget "SubMagicTests" */ = {
			isa = XCConfigurationList;
			buildConfigurations = (
				05BC209E2E068AB100F63687 /* Debug */,
				05BC209F2E068AB100F63687 /* Release */,
			);
			defaultConfigurationIsVisible = 0;
			defaultConfigurationName = Release;
		};
		05BC20A02E068AB100F63687 /* Build configuration list for PBXNativeTarget "SubMagicUITests" */ = {
			isa = XCConfigurationList;
			buildConfigurations = (
				05BC20A12E068AB100F63687 /* Debug */,
				05BC20A22E068AB100F63687 /* Release */,
			);
			defaultConfigurationIsVisible = 0;
			defaultConfigurationName = Release;
		};
/* End XCConfigurationList section */

/* Begin XCRemoteSwiftPackageReference section */
		05C51A8A2E0952120004AFE4 /* XCRemoteSwiftPackageReference "ViewInspector" */ = {
			isa = XCRemoteSwiftPackageReference;
			repositoryURL = "https://github.com/nalexn/ViewInspector.git";
			requirement = {
				kind = upToNextMajorVersion;
				minimumVersion = 0.10.2;
			};
		};
/* End XCRemoteSwiftPackageReference section */

/* Begin XCSwiftPackageProductDependency section */
		050072392E09529D0083E73F /* ViewInspector */ = {
			isa = XCSwiftPackageProductDependency;
			package = 05C51A8A2E0952120004AFE4 /* XCRemoteSwiftPackageReference "ViewInspector" */;
			productName = ViewInspector;
		};
		0500723B2E09531E0083E73F /* ViewInspector */ = {
			isa = XCSwiftPackageProductDependency;
			package = 05C51A8A2E0952120004AFE4 /* XCRemoteSwiftPackageReference "ViewInspector" */;
			productName = ViewInspector;
		};
/* End XCSwiftPackageProductDependency section */
	};
	rootObject = 05BC20702E068AB100F63687 /* Project object */;
}
